<Solution>
  <Folder Name="/AnatomiaProyectoBlazor/">
    <Project Path="AnatomiaProyecto/Ejemplo_HolaMundo/Ejemplo_HolaMundo.csproj">
      <Deploy Solution="Debug|*" />
    </Project>
  </Folder>
  <Folder Name="/AnatomiaProyectoBlazor/Docs/">
    <File Path="AnatomiaProyecto/Ejemplo_Docs/Readme.md" />
  </Folder>
  <Folder Name="/Docs/">
    <File Path="Docs/guia-maui-blazor-hybrid.md" />
    <File Path="Docs/temas.md" />
  </Folder>
  <Folder Name="/Layout/" />
  <Folder Name="/Layout/bootstrap/">
    <Project Path="Layout/bootstrap/Ejemplo_BS_Layout/Ejemplo_BS_Layout.csproj">
      <Deploy Solution="Debug|*" />
    </Project>
  </Folder>
  <Folder Name="/Layout/maui/">
    <Project Path="Layout/maui/Ejemplo_Maui_Layout/Ejemplo_Maui_Layout.csproj" Id="3ea8eef9-8c1b-47d1-9343-814315d67abe">
      <Deploy Solution="Debug|*" />
    </Project>
  </Folder>
  <Folder Name="/Layout/mudblazor/">
    <Project Path="Layout/mudblazor/Ejemplo_MB_Layout/Ejemplo_MB_Layout.csproj" />
  </Folder>
  <Folder Name="/Views/" />
  <Folder Name="/Views/bootstrap/">
    <Project Path="Views/bootstrap/Ejemplo_BS_Views/Ejemplo_BS_Views.csproj" Id="78de8a1a-8212-4de9-aaad-8b4367a0c6e1" />
  </Folder>
</Solution>
