<Solution>
  <Folder Name="/AnatomiaProyectoBlazor/">
    <Project Path="AnatomiaProyecto/Ejemplo_HolaMundo/Ejemplo_HolaMundo.csproj">
      <Deploy Solution="Debug|*" />
    </Project>
  </Folder>
  <Folder Name="/AnatomiaProyectoBlazor/Docs/">
    <File Path="AnatomiaProyecto/Ejemplo_Docs/Readme.md" />
  </Folder>
  <Folder Name="/Views/">
    <Project Path="Views/Ejemplo_Views/Ejemplo_Views.csproj" Id="58730099-6435-4947-8604-ef77fb80fcdc">
      <Deploy Solution="Debug|*" />
    </Project>
  </Folder>
</Solution>
